<Solution>
  <Folder Name="/src/">
    <Project Path="src/DbDelta.Api/DbDelta.Api.csproj" />
    <Project Path="src/DbDelta.Core/DbDelta.Core.csproj" />
    <Project Path="src/DbDelta.SqlServer/DbDelta.SqlServer.csproj" />
  </Folder>
  <Folder Name="/tests/">
    <Project Path="tests/DbDelta.Api.Tests/DbDelta.Api.Tests.csproj" />
    <Project Path="tests/DbDelta.Core.Tests/DbDelta.Core.Tests.csproj" />
    <Project Path="tests/DbDelta.SqlServer.Tests/DbDelta.SqlServer.Tests.csproj" />
  </Folder>
</Solution>
